
Microsoft Visual Studio Solution File, Format Version 12.00
# Visual Studio 15
VisualStudioVersion = 15.0.28307.271
MinimumVisualStudioVersion = 10.0.40219.1
Project("{8BC9CEB8-8B4A-11D0-8D11-00A0C91BC942}") = "ConsoleApplication4", "ConsoleApplication4\ConsoleApplication4.vcxproj", "{F9707EDB-2A86-4E5B-A8A8-7FA2B929FA45}"
EndProject
Global
	GlobalSection(SolutionConfigurationPlatforms) = preSolution
		Debug|x64 = Debug|x64
		Debug|x86 = Debug|x86
		Release|x64 = Release|x64
		Release|x86 = Release|x86
	EndGlobalSection
	GlobalSection(ProjectConfigurationPlatforms) = postSolution
		{F9707EDB-2A86-4E5B-A8A8-7FA2B929FA45}.Debug|x64.ActiveCfg = Debug|x64
		{F9707EDB-2A86-4E5B-A8A8-7FA2B929FA45}.Debug|x64.Build.0 = Debug|x64
		{F9707EDB-2A86-4E5B-A8A8-7FA2B929FA45}.Debug|x86.ActiveCfg = Debug|Win32
		{F9707EDB-2A86-4E5B-A8A8-7FA2B929FA45}.Debug|x86.Build.0 = Debug|Win32
		{F9707EDB-2A86-4E5B-A8A8-7FA2B929FA45}.Release|x64.ActiveCfg = Release|x64
		{F9707EDB-2A86-4E5B-A8A8-7FA2B929FA45}.Release|x64.Build.0 = Release|x64
		{F9707EDB-2A86-4E5B-A8A8-7FA2B929FA45}.Release|x86.ActiveCfg = Release|Win32
		{F9707EDB-2A86-4E5B-A8A8-7FA2B929FA45}.Release|x86.Build.0 = Release|Win32
	EndGlobalSection
	GlobalSection(SolutionProperties) = preSolution
		HideSolutionNode = FALSE
	EndGlobalSection
	GlobalSection(ExtensibilityGlobals) = postSolution
		SolutionGuid = {41443F8C-C4E1-491C-A2DC-11C3F62C63C3}
	EndGlobalSection
EndGlobal
